
Microsoft Visual Studio Solution File, Format Version 12.00
# Visual Studio 15
VisualStudioVersion = 15.0.27703.2018
MinimumVisualStudioVersion = 10.0.40219.1
Project("{FAE04EC0-301F-11D3-BF4B-00C04F79EFBC}") = "WpfApp3", "WpfApp3\WpfApp3.csproj", "{4FD9B0A1-D252-4B59-930E-07A06F4E20C0}"
EndProject
Global
	GlobalSection(SolutionConfigurationPlatforms) = preSolution
		Debug|Any CPU = Debug|Any CPU
		Release|Any CPU = Release|Any CPU
	EndGlobalSection
	GlobalSection(ProjectConfigurationPlatforms) = postSolution
		{4FD9B0A1-D252-4B59-930E-07A06F4E20C0}.Debug|Any CPU.ActiveCfg = Debug|Any CPU
		{4FD9B0A1-D252-4B59-930E-07A06F4E20C0}.Debug|Any CPU.Build.0 = Debug|Any CPU
		{4FD9B0A1-D252-4B59-930E-07A06F4E20C0}.Release|Any CPU.ActiveCfg = Release|Any CPU
		{4FD9B0A1-D252-4B59-930E-07A06F4E20C0}.Release|Any CPU.Build.0 = Release|Any CPU
	EndGlobalSection
	GlobalSection(SolutionProperties) = preSolution
		HideSolutionNode = FALSE
	EndGlobalSection
	GlobalSection(ExtensibilityGlobals) = postSolution
		SolutionGuid = {FED9927A-1175-4D02-8009-F1BEC055F5BE}
	EndGlobalSection
EndGlobal
